<?xml version="1.0" encoding="utf-8"?>
<Project ToolsVersion="4.0" xmlns="http://schemas.microsoft.com/developer/msbuild/2003">
  <ItemGroup>
    <ClCompile Include="template\template.cpp">
      <Filter>template</Filter>
    </ClCompile>
    <ClCompile Include="game.cpp" />
    <ClCompile Include="template\template_gl.cpp">
      <Filter>template</Filter>
    </ClCompile>
    <ClCompile Include="template\template_math.cpp">
      <Filter>template</Filter>
    </ClCompile>
    <ClCompile Include="template\optional_features\template_cl.cpp">
      <Filter>template</Filter>
    </ClCompile>
    <ClCompile Include="template\timer.cpp" />
    <ClCompile Include="template\surface.cpp" />
    <ClCompile Include="template\sprite.cpp" />
    <ClCompile Include="template\optional_features\CPUCaps.cpp" />
    <ClCompile Include="lib\glad\glad.cpp" />
  </ItemGroup>
  <ItemGroup>
    <ClInclude Include="template\common.h">
      <Filter>template</Filter>
    </ClInclude>
    <ClInclude Include="template\precomp.h">
      <Filter>template</Filter>
    </ClInclude>
    <ClInclude Include="game.h" />
    <ClInclude Include="template\template.h">
      <Filter>template</Filter>
    </ClInclude>
    <ClInclude Include="template\template_gl.h">
      <Filter>template</Filter>
    </ClInclude>
    <ClInclude Include="template\template_math.h">
      <Filter>template</Filter>
    </ClInclude>
    <ClInclude Include="template\optional_features\template_cl.h">
      <Filter>template</Filter>
    </ClInclude>
    <ClInclude Include="template\timer.h" />
    <ClInclude Include="template\surface.h" />
    <ClInclude Include="template\sprite.h" />
    <ClInclude Include="template\optional_features\CPUCaps.h" />
    <ClInclude Include="lib\glad\glad.h" />
  </ItemGroup>
  <ItemGroup>
    <None Include="template\LICENSE">
      <Filter>template</Filter>
    </None>
    <None Include="README.md">
      <Filter>template</Filter>
    </None>
  </ItemGroup>
  <ItemGroup>
    <Filter Include="template">
      <UniqueIdentifier>{a7d6e3cb-bfcd-438d-979f-17df241a55b4}</UniqueIdentifier>
    </Filter>
    <Filter Include="template\cl">
      <UniqueIdentifier>{dc41819e-b6c1-4070-b4c1-0849e444ca7e}</UniqueIdentifier>
    </Filter>
  </ItemGroup>
</Project>